
Microsoft Visual Studio Solution File, Format Version 12.00
# Visual Studio Version 17
VisualStudioVersion = 17.4.33205.214
MinimumVisualStudioVersion = 10.0.40219.1
Project("{9A19103F-16F7-4668-BE54-9A1E7A4F7556}") = "Messenger.API", "Messenger.API\Messenger.API.csproj", "{107A2F9F-6D6E-4942-BC57-BF4AC3028179}"
EndProject
Project("{9A19103F-16F7-4668-BE54-9A1E7A4F7556}") = "2wayMessenger.Repository", "Messenger.repository\2wayMessenger.Repository.csproj", "{E35B5F1F-6389-4D98-90F9-1F3A2D2C578B}"
EndProject
Project("{54A90642-561A-4BB1-A94E-469ADEE60C69}") = "ReqChatUI", "ReqChatUI\ReqChatUI.esproj", "{78A8020C-7EA3-4F66-B46E-6922C2C55559}"
EndProject
Project("{9A19103F-16F7-4668-BE54-9A1E7A4F7556}") = "2WayMessenger.Mediator", "2WayMessenger.Mediator\2WayMessenger.Mediator.csproj", "{B6285741-96DE-45E0-B9CE-02C5651C3473}"
EndProject
Project("{9A19103F-16F7-4668-BE54-9A1E7A4F7556}") = "2WayMessenger.Interface", "2WayMessenger.Interface\2WayMessenger.Interface.csproj", "{75BE9924-AD10-4A8F-941E-7BAF0E49CA22}"
EndProject
Project("{9A19103F-16F7-4668-BE54-9A1E7A4F7556}") = "2WayMessenger.Model", "2WayMessenger.Model\2WayMessenger.Model.csproj", "{FCBA2711-E5A6-4B91-B708-943AE7C885EF}"
EndProject
Global
	GlobalSection(SolutionConfigurationPlatforms) = preSolution
		Debug|Any CPU = Debug|Any CPU
		Release|Any CPU = Release|Any CPU
	EndGlobalSection
	GlobalSection(ProjectConfigurationPlatforms) = postSolution
		{107A2F9F-6D6E-4942-BC57-BF4AC3028179}.Debug|Any CPU.ActiveCfg = Debug|Any CPU
		{107A2F9F-6D6E-4942-BC57-BF4AC3028179}.Debug|Any CPU.Build.0 = Debug|Any CPU
		{107A2F9F-6D6E-4942-BC57-BF4AC3028179}.Release|Any CPU.ActiveCfg = Release|Any CPU
		{107A2F9F-6D6E-4942-BC57-BF4AC3028179}.Release|Any CPU.Build.0 = Release|Any CPU
		{E35B5F1F-6389-4D98-90F9-1F3A2D2C578B}.Debug|Any CPU.ActiveCfg = Debug|Any CPU
		{E35B5F1F-6389-4D98-90F9-1F3A2D2C578B}.Debug|Any CPU.Build.0 = Debug|Any CPU
		{E35B5F1F-6389-4D98-90F9-1F3A2D2C578B}.Release|Any CPU.ActiveCfg = Release|Any CPU
		{E35B5F1F-6389-4D98-90F9-1F3A2D2C578B}.Release|Any CPU.Build.0 = Release|Any CPU
		{78A8020C-7EA3-4F66-B46E-6922C2C55559}.Debug|Any CPU.ActiveCfg = Debug|Any CPU
		{78A8020C-7EA3-4F66-B46E-6922C2C55559}.Debug|Any CPU.Build.0 = Debug|Any CPU
		{78A8020C-7EA3-4F66-B46E-6922C2C55559}.Debug|Any CPU.Deploy.0 = Debug|Any CPU
		{78A8020C-7EA3-4F66-B46E-6922C2C55559}.Release|Any CPU.ActiveCfg = Release|Any CPU
		{78A8020C-7EA3-4F66-B46E-6922C2C55559}.Release|Any CPU.Build.0 = Release|Any CPU
		{78A8020C-7EA3-4F66-B46E-6922C2C55559}.Release|Any CPU.Deploy.0 = Release|Any CPU
		{B6285741-96DE-45E0-B9CE-02C5651C3473}.Debug|Any CPU.ActiveCfg = Debug|Any CPU
		{B6285741-96DE-45E0-B9CE-02C5651C3473}.Debug|Any CPU.Build.0 = Debug|Any CPU
		{B6285741-96DE-45E0-B9CE-02C5651C3473}.Release|Any CPU.ActiveCfg = Release|Any CPU
		{B6285741-96DE-45E0-B9CE-02C5651C3473}.Release|Any CPU.Build.0 = Release|Any CPU
		{75BE9924-AD10-4A8F-941E-7BAF0E49CA22}.Debug|Any CPU.ActiveCfg = Debug|Any CPU
		{75BE9924-AD10-4A8F-941E-7BAF0E49CA22}.Debug|Any CPU.Build.0 = Debug|Any CPU
		{75BE9924-AD10-4A8F-941E-7BAF0E49CA22}.Release|Any CPU.ActiveCfg = Release|Any CPU
		{75BE9924-AD10-4A8F-941E-7BAF0E49CA22}.Release|Any CPU.Build.0 = Release|Any CPU
		{FCBA2711-E5A6-4B91-B708-943AE7C885EF}.Debug|Any CPU.ActiveCfg = Debug|Any CPU
		{FCBA2711-E5A6-4B91-B708-943AE7C885EF}.Debug|Any CPU.Build.0 = Debug|Any CPU
		{FCBA2711-E5A6-4B91-B708-943AE7C885EF}.Release|Any CPU.ActiveCfg = Release|Any CPU
		{FCBA2711-E5A6-4B91-B708-943AE7C885EF}.Release|Any CPU.Build.0 = Release|Any CPU
	EndGlobalSection
	GlobalSection(SolutionProperties) = preSolution
		HideSolutionNode = FALSE
	EndGlobalSection
	GlobalSection(ExtensibilityGlobals) = postSolution
		SolutionGuid = {C591455D-C44F-442D-A954-8B2054193523}
	EndGlobalSection
EndGlobal
